
Microsoft Visual Studio Solution File, Format Version 12.00
# Visual Studio Version 17
VisualStudioVersion = 17.0.31903.59
MinimumVisualStudioVersion = 10.0.40219.1
Project("{FAE04EC0-301F-11D3-BF4B-00C04F79EFBC}") = "u1_merhaba", "u1_merhaba\u1_merhaba.csproj", "{F02A1B35-F21F-4CB6-96BC-AAED683ECDBE}"
EndProject
Project("{FAE04EC0-301F-11D3-BF4B-00C04F79EFBC}") = "u2_degiskenler", "u2_degiskenler\u2_degiskenler.csproj", "{AEC42A51-0F48-48CD-811E-46F65D2326AF}"
EndProject
Project("{FAE04EC0-301F-11D3-BF4B-00C04F79EFBC}") = "u3_klavyedenokuma", "u3_klavyedenokuma\u3_klavyedenokuma.csproj", "{E118A997-347C-4DE5-AE91-4B050EE8767B}"
EndProject
Project("{FAE04EC0-301F-11D3-BF4B-00C04F79EFBC}") = "u4_ikisayı_topla", "u4_ikisayı_topla\u4_ikisayı_topla.csproj", "{B6198B60-54A8-431D-91AB-2BE417AA9BA6}"
EndProject
Project("{FAE04EC0-301F-11D3-BF4B-00C04F79EFBC}") = "u5_metin_birleştirme", "u5_metin_birleştirme\u5_metin_birleştirme.csproj", "{76A7E4F6-F2CB-4455-8D17-772305C09B20}"
EndProject
Project("{FAE04EC0-301F-11D3-BF4B-00C04F79EFBC}") = "u6_alanveçevre", "u6_alanveçevre\u6_alanveçevre.csproj", "{6F0C39C9-85C0-4C22-B5A1-55B635E07DFB}"
EndProject
Project("{FAE04EC0-301F-11D3-BF4B-00C04F79EFBC}") = "u7_not_ortalama", "u7_not_ortalama\u7_not_ortalama.csproj", "{3AEA0E32-7A14-4E97-A4D0-269F1AC80620}"
EndProject
Project("{FAE04EC0-301F-11D3-BF4B-00C04F79EFBC}") = "u8_operatorler", "u8_operatorler\u8_operatorler.csproj", "{1F6612A7-6988-43C9-A852-99009BDBDA90}"
EndProject
Project("{FAE04EC0-301F-11D3-BF4B-00C04F79EFBC}") = "u9_tekrar", "u9_tekrar\u9_tekrar.csproj", "{893AEF4A-5AAF-405E-9993-EAA7F3891818}"
EndProject
Project("{FAE04EC0-301F-11D3-BF4B-00C04F79EFBC}") = "u10_kosullu_ifadeler", "u10_kosullu_ifadeler\u10_kosullu_ifadeler.csproj", "{3584B1AD-8944-47BA-8485-3A22B07C486C}"
EndProject
Project("{FAE04EC0-301F-11D3-BF4B-00C04F79EFBC}") = "u11_sayı_karsılastirmasi", "u11_sayı_karsılastirmasi\u11_sayı_karsılastirmasi.csproj", "{4A067BB1-1B1D-4D0C-826C-26AF76D44B98}"
EndProject
Project("{FAE04EC0-301F-11D3-BF4B-00C04F79EFBC}") = "u12_not_ortalaması", "u12_not_ortalaması\u12_not_ortalaması.csproj", "{4BBA83B7-2B2F-42FF-A266-C6ECD0F5055D}"
EndProject
Project("{FAE04EC0-301F-11D3-BF4B-00C04F79EFBC}") = "u13_askerlik_durumu", "u13_askerlik_durumu\u13_askerlik_durumu.csproj", "{78E2B6E2-A129-452D-B544-C9629C7D7813}"
EndProject
Project("{FAE04EC0-301F-11D3-BF4B-00C04F79EFBC}") = "u14_switchcase_günler", "u14_switchcase_günler\u14_switchcase_günler.csproj", "{136DD1C7-4BA8-4AD3-94F0-EC3AF4BE222C}"
EndProject
Project("{FAE04EC0-301F-11D3-BF4B-00C04F79EFBC}") = "u15_switchcase_secim", "u15_switchcase_secim\u15_switchcase_secim.csproj", "{A94C1BAD-0103-4304-A2EA-EB34BD1B3B59}"
EndProject
Project("{FAE04EC0-301F-11D3-BF4B-00C04F79EFBC}") = "u16_for_loop", "u16_for_loop\u16_for_loop.csproj", "{7AF31BAF-70CA-4E80-8D5A-90D877A620C6}"
EndProject
Project("{FAE04EC0-301F-11D3-BF4B-00C04F79EFBC}") = "u17_isim_yazdırma", "u17_isim_yazdırma\u17_isim_yazdırma.csproj", "{A0B0FA7D-6BEE-4394-9BEB-1796CDCE0920}"
EndProject
Project("{FAE04EC0-301F-11D3-BF4B-00C04F79EFBC}") = "u18_sayı_ort", "u18_sayı_ort\u18_sayı_ort.csproj", "{242AB360-0932-4EDE-9B7A-EDB01945CEED}"
EndProject
Project("{FAE04EC0-301F-11D3-BF4B-00C04F79EFBC}") = "u19_enkucuk_enbuyuk_sayıların_ort", "u19_enkucuk_enbuyuk_sayıların_ort\u19_enkucuk_enbuyuk_sayıların_ort.csproj", "{32BD120B-9C43-41BE-9A06-CE50D8A83060}"
EndProject
Project("{FAE04EC0-301F-11D3-BF4B-00C04F79EFBC}") = "u20_ucgen_ciz", "u20_ucgen_ciz\u20_ucgen_ciz.csproj", "{D0D4D4FE-BF12-4CF0-98B7-35A20D5DA0DF}"
EndProject
Project("{FAE04EC0-301F-11D3-BF4B-00C04F79EFBC}") = "u21_whileloop", "u21_whileloop\u21_whileloop.csproj", "{174B5600-0ACB-4A36-A9DC-F2D9C0E07ADA}"
EndProject
Project("{FAE04EC0-301F-11D3-BF4B-00C04F79EFBC}") = "u22_do_while_loop", "u22_do_while_loop\u22_do_while_loop.csproj", "{1D43C840-C6B8-470B-A7D3-A23A2E42DC9A}"
EndProject
Project("{FAE04EC0-301F-11D3-BF4B-00C04F79EFBC}") = "u23_donguler", "u23_donguler\u23_donguler.csproj", "{0EA40E47-1E7C-41C6-A05A-3EEED30BBA61}"
EndProject
Project("{FAE04EC0-301F-11D3-BF4B-00C04F79EFBC}") = "u24_sayı_tahmin", "u24_sayı_tahmin\u24_sayı_tahmin.csproj", "{BEF8002D-7491-42EB-B65B-D0D7F73B5A41}"
EndProject
Project("{FAE04EC0-301F-11D3-BF4B-00C04F79EFBC}") = "u25_vki_hesaplama", "u25_vki_hesaplama\u25_vki_hesaplama.csproj", "{AA89F6B1-B0AB-4978-BC02-328AA7FC6920}"
EndProject
Project("{FAE04EC0-301F-11D3-BF4B-00C04F79EFBC}") = "u26_factorial", "u26_factorial\u26_factorial.csproj", "{2D182423-7014-4C1D-A5C5-2BC48F898A81}"
EndProject
Project("{FAE04EC0-301F-11D3-BF4B-00C04F79EFBC}") = "u27_diziler", "u27_diziler\u27_diziler.csproj", "{46AF37EE-1A71-4A68-8424-C32A647280D9}"
EndProject
Project("{FAE04EC0-301F-11D3-BF4B-00C04F79EFBC}") = "u28_ogrenci_dizisi", "u28_ogrenci_dizisi\u28_ogrenci_dizisi.csproj", "{76B5DFDE-ED0C-438B-8D5F-CD1410C14E1F}"
EndProject
Project("{FAE04EC0-301F-11D3-BF4B-00C04F79EFBC}") = "u29_dizi_altdizi", "u29_dizi_altdizi\u29_dizi_altdizi.csproj", "{DC0FA0EC-461D-4781-9BB4-61F6BB2A393A}"
EndProject
Project("{FAE04EC0-301F-11D3-BF4B-00C04F79EFBC}") = "u30_string_sondaki_karakter", "u30_string_sondaki_karakter\u30_string_sondaki_karakter.csproj", "{7ECF8A21-B14D-47AA-BD21-4CAB24A49A8D}"
EndProject
Project("{FAE04EC0-301F-11D3-BF4B-00C04F79EFBC}") = "u32_parola_uygunluk_testi", "u32_parola_uygunluk_testi\u32_parola_uygunluk_testi.csproj", "{463770E8-0A6B-46FF-8BC2-40262A951093}"
EndProject
Project("{FAE04EC0-301F-11D3-BF4B-00C04F79EFBC}") = "u31_string_methodları", "u31_string_methodları\u31_string_methodları.csproj", "{FBDE760D-9AA0-4FE9-A966-EEA75FDACAB1}"
EndProject
Project("{FAE04EC0-301F-11D3-BF4B-00C04F79EFBC}") = "u33_arraylist_list", "u33_arraylist_list\u33_arraylist_list.csproj", "{118C4919-B174-47AC-AFA4-201E88E62969}"
EndProject
Project("{FAE04EC0-301F-11D3-BF4B-00C04F79EFBC}") = "u34_dictionary", "u34_dictionary\u34_dictionary.csproj", "{C159139A-0543-4B6B-9EC6-D691CEA7FD22}"
EndProject
Project("{FAE04EC0-301F-11D3-BF4B-00C04F79EFBC}") = "u35_queue_stack", "u35_queue_stack\u35_queue_stack.csproj", "{917A056A-B2CB-49C0-97E6-1B895BC9E257}"
EndProject
Project("{FAE04EC0-301F-11D3-BF4B-00C04F79EFBC}") = "u36_metin_cevirme", "u36_metin_cevirme\u36_metin_cevirme.csproj", "{9F399343-9393-4BD3-98A9-A4FC15302F2C}"
EndProject
Project("{FAE04EC0-301F-11D3-BF4B-00C04F79EFBC}") = "u37_siniflar", "u37_siniflar\u37_siniflar.csproj", "{1F371970-FABC-489D-9770-DB9CE4E9FDFB}"
EndProject
Project("{FAE04EC0-301F-11D3-BF4B-00C04F79EFBC}") = "u38_ogrenci_sinifi", "u38_ogrenci_sinifi\u38_ogrenci_sinifi.csproj", "{EFCB7EF9-9927-4753-B154-73ACBB71ECED}"
EndProject
Project("{FAE04EC0-301F-11D3-BF4B-00C04F79EFBC}") = "u39_property_tanımlama", "u39_property_tanımlama\u39_property_tanımlama.csproj", "{76794BC9-56A9-4010-ADB4-7FA6D808E04A}"
EndProject
Project("{FAE04EC0-301F-11D3-BF4B-00C04F79EFBC}") = "u40_metotlar", "u40_metotlar\u40_metotlar.csproj", "{A78514DE-46CE-4C2D-9134-B885D35F115B}"
EndProject
Project("{FAE04EC0-301F-11D3-BF4B-00C04F79EFBC}") = "u41_rastgele_sayılar", "u41_rastgele_sayılar\u41_rastgele_sayılar.csproj", "{395C6BA2-5902-44BD-A334-62770324A64C}"
EndProject
Project("{FAE04EC0-301F-11D3-BF4B-00C04F79EFBC}") = "u42_sınıf_methodu", "u42_sınıf_methodu\u42_sınıf_methodu.csproj", "{E193B829-11DE-4373-AF05-17FBD94B4FC4}"
EndProject
Project("{FAE04EC0-301F-11D3-BF4B-00C04F79EFBC}") = "u43_değişken_parametre", "u43_değişken_parametre\u43_değişken_parametre.csproj", "{68CC1733-44FF-42AA-8A25-3DA0E07274F5}"
EndProject
Project("{FAE04EC0-301F-11D3-BF4B-00C04F79EFBC}") = "u44_static_uygunluk", "u44_static_uygunluk\u44_static_uygunluk.csproj", "{7748AB97-C424-48E1-B816-FAC6065FE52B}"
EndProject
Project("{FAE04EC0-301F-11D3-BF4B-00C04F79EFBC}") = "u45_banka_uyg", "u45_banka_uyg\u45_banka_uyg.csproj", "{EA8E7F0C-E994-468F-B277-14E5C764238F}"
EndProject
Global
	GlobalSection(SolutionConfigurationPlatforms) = preSolution
		Debug|Any CPU = Debug|Any CPU
		Release|Any CPU = Release|Any CPU
	EndGlobalSection
	GlobalSection(ProjectConfigurationPlatforms) = postSolution
		{F02A1B35-F21F-4CB6-96BC-AAED683ECDBE}.Debug|Any CPU.ActiveCfg = Debug|Any CPU
		{F02A1B35-F21F-4CB6-96BC-AAED683ECDBE}.Debug|Any CPU.Build.0 = Debug|Any CPU
		{F02A1B35-F21F-4CB6-96BC-AAED683ECDBE}.Release|Any CPU.ActiveCfg = Release|Any CPU
		{F02A1B35-F21F-4CB6-96BC-AAED683ECDBE}.Release|Any CPU.Build.0 = Release|Any CPU
		{AEC42A51-0F48-48CD-811E-46F65D2326AF}.Debug|Any CPU.ActiveCfg = Debug|Any CPU
		{AEC42A51-0F48-48CD-811E-46F65D2326AF}.Debug|Any CPU.Build.0 = Debug|Any CPU
		{AEC42A51-0F48-48CD-811E-46F65D2326AF}.Release|Any CPU.ActiveCfg = Release|Any CPU
		{AEC42A51-0F48-48CD-811E-46F65D2326AF}.Release|Any CPU.Build.0 = Release|Any CPU
		{E118A997-347C-4DE5-AE91-4B050EE8767B}.Debug|Any CPU.ActiveCfg = Debug|Any CPU
		{E118A997-347C-4DE5-AE91-4B050EE8767B}.Debug|Any CPU.Build.0 = Debug|Any CPU
		{E118A997-347C-4DE5-AE91-4B050EE8767B}.Release|Any CPU.ActiveCfg = Release|Any CPU
		{E118A997-347C-4DE5-AE91-4B050EE8767B}.Release|Any CPU.Build.0 = Release|Any CPU
		{B6198B60-54A8-431D-91AB-2BE417AA9BA6}.Debug|Any CPU.ActiveCfg = Debug|Any CPU
		{B6198B60-54A8-431D-91AB-2BE417AA9BA6}.Debug|Any CPU.Build.0 = Debug|Any CPU
		{B6198B60-54A8-431D-91AB-2BE417AA9BA6}.Release|Any CPU.ActiveCfg = Release|Any CPU
		{B6198B60-54A8-431D-91AB-2BE417AA9BA6}.Release|Any CPU.Build.0 = Release|Any CPU
		{76A7E4F6-F2CB-4455-8D17-772305C09B20}.Debug|Any CPU.ActiveCfg = Debug|Any CPU
		{76A7E4F6-F2CB-4455-8D17-772305C09B20}.Debug|Any CPU.Build.0 = Debug|Any CPU
		{76A7E4F6-F2CB-4455-8D17-772305C09B20}.Release|Any CPU.ActiveCfg = Release|Any CPU
		{76A7E4F6-F2CB-4455-8D17-772305C09B20}.Release|Any CPU.Build.0 = Release|Any CPU
		{6F0C39C9-85C0-4C22-B5A1-55B635E07DFB}.Debug|Any CPU.ActiveCfg = Debug|Any CPU
		{6F0C39C9-85C0-4C22-B5A1-55B635E07DFB}.Debug|Any CPU.Build.0 = Debug|Any CPU
		{6F0C39C9-85C0-4C22-B5A1-55B635E07DFB}.Release|Any CPU.ActiveCfg = Release|Any CPU
		{6F0C39C9-85C0-4C22-B5A1-55B635E07DFB}.Release|Any CPU.Build.0 = Release|Any CPU
		{3AEA0E32-7A14-4E97-A4D0-269F1AC80620}.Debug|Any CPU.ActiveCfg = Debug|Any CPU
		{3AEA0E32-7A14-4E97-A4D0-269F1AC80620}.Debug|Any CPU.Build.0 = Debug|Any CPU
		{3AEA0E32-7A14-4E97-A4D0-269F1AC80620}.Release|Any CPU.ActiveCfg = Release|Any CPU
		{3AEA0E32-7A14-4E97-A4D0-269F1AC80620}.Release|Any CPU.Build.0 = Release|Any CPU
		{1F6612A7-6988-43C9-A852-99009BDBDA90}.Debug|Any CPU.ActiveCfg = Debug|Any CPU
		{1F6612A7-6988-43C9-A852-99009BDBDA90}.Debug|Any CPU.Build.0 = Debug|Any CPU
		{1F6612A7-6988-43C9-A852-99009BDBDA90}.Release|Any CPU.ActiveCfg = Release|Any CPU
		{1F6612A7-6988-43C9-A852-99009BDBDA90}.Release|Any CPU.Build.0 = Release|Any CPU
		{893AEF4A-5AAF-405E-9993-EAA7F3891818}.Debug|Any CPU.ActiveCfg = Debug|Any CPU
		{893AEF4A-5AAF-405E-9993-EAA7F3891818}.Debug|Any CPU.Build.0 = Debug|Any CPU
		{893AEF4A-5AAF-405E-9993-EAA7F3891818}.Release|Any CPU.ActiveCfg = Release|Any CPU
		{893AEF4A-5AAF-405E-9993-EAA7F3891818}.Release|Any CPU.Build.0 = Release|Any CPU
		{3584B1AD-8944-47BA-8485-3A22B07C486C}.Debug|Any CPU.ActiveCfg = Debug|Any CPU
		{3584B1AD-8944-47BA-8485-3A22B07C486C}.Debug|Any CPU.Build.0 = Debug|Any CPU
		{3584B1AD-8944-47BA-8485-3A22B07C486C}.Release|Any CPU.ActiveCfg = Release|Any CPU
		{3584B1AD-8944-47BA-8485-3A22B07C486C}.Release|Any CPU.Build.0 = Release|Any CPU
		{4A067BB1-1B1D-4D0C-826C-26AF76D44B98}.Debug|Any CPU.ActiveCfg = Debug|Any CPU
		{4A067BB1-1B1D-4D0C-826C-26AF76D44B98}.Debug|Any CPU.Build.0 = Debug|Any CPU
		{4A067BB1-1B1D-4D0C-826C-26AF76D44B98}.Release|Any CPU.ActiveCfg = Release|Any CPU
		{4A067BB1-1B1D-4D0C-826C-26AF76D44B98}.Release|Any CPU.Build.0 = Release|Any CPU
		{4BBA83B7-2B2F-42FF-A266-C6ECD0F5055D}.Debug|Any CPU.ActiveCfg = Debug|Any CPU
		{4BBA83B7-2B2F-42FF-A266-C6ECD0F5055D}.Debug|Any CPU.Build.0 = Debug|Any CPU
		{4BBA83B7-2B2F-42FF-A266-C6ECD0F5055D}.Release|Any CPU.ActiveCfg = Release|Any CPU
		{4BBA83B7-2B2F-42FF-A266-C6ECD0F5055D}.Release|Any CPU.Build.0 = Release|Any CPU
		{78E2B6E2-A129-452D-B544-C9629C7D7813}.Debug|Any CPU.ActiveCfg = Debug|Any CPU
		{78E2B6E2-A129-452D-B544-C9629C7D7813}.Debug|Any CPU.Build.0 = Debug|Any CPU
		{78E2B6E2-A129-452D-B544-C9629C7D7813}.Release|Any CPU.ActiveCfg = Release|Any CPU
		{78E2B6E2-A129-452D-B544-C9629C7D7813}.Release|Any CPU.Build.0 = Release|Any CPU
		{136DD1C7-4BA8-4AD3-94F0-EC3AF4BE222C}.Debug|Any CPU.ActiveCfg = Debug|Any CPU
		{136DD1C7-4BA8-4AD3-94F0-EC3AF4BE222C}.Debug|Any CPU.Build.0 = Debug|Any CPU
		{136DD1C7-4BA8-4AD3-94F0-EC3AF4BE222C}.Release|Any CPU.ActiveCfg = Release|Any CPU
		{136DD1C7-4BA8-4AD3-94F0-EC3AF4BE222C}.Release|Any CPU.Build.0 = Release|Any CPU
		{A94C1BAD-0103-4304-A2EA-EB34BD1B3B59}.Debug|Any CPU.ActiveCfg = Debug|Any CPU
		{A94C1BAD-0103-4304-A2EA-EB34BD1B3B59}.Debug|Any CPU.Build.0 = Debug|Any CPU
		{A94C1BAD-0103-4304-A2EA-EB34BD1B3B59}.Release|Any CPU.ActiveCfg = Release|Any CPU
		{A94C1BAD-0103-4304-A2EA-EB34BD1B3B59}.Release|Any CPU.Build.0 = Release|Any CPU
		{7AF31BAF-70CA-4E80-8D5A-90D877A620C6}.Debug|Any CPU.ActiveCfg = Debug|Any CPU
		{7AF31BAF-70CA-4E80-8D5A-90D877A620C6}.Debug|Any CPU.Build.0 = Debug|Any CPU
		{7AF31BAF-70CA-4E80-8D5A-90D877A620C6}.Release|Any CPU.ActiveCfg = Release|Any CPU
		{7AF31BAF-70CA-4E80-8D5A-90D877A620C6}.Release|Any CPU.Build.0 = Release|Any CPU
		{A0B0FA7D-6BEE-4394-9BEB-1796CDCE0920}.Debug|Any CPU.ActiveCfg = Debug|Any CPU
		{A0B0FA7D-6BEE-4394-9BEB-1796CDCE0920}.Debug|Any CPU.Build.0 = Debug|Any CPU
		{A0B0FA7D-6BEE-4394-9BEB-1796CDCE0920}.Release|Any CPU.ActiveCfg = Release|Any CPU
		{A0B0FA7D-6BEE-4394-9BEB-1796CDCE0920}.Release|Any CPU.Build.0 = Release|Any CPU
		{242AB360-0932-4EDE-9B7A-EDB01945CEED}.Debug|Any CPU.ActiveCfg = Debug|Any CPU
		{242AB360-0932-4EDE-9B7A-EDB01945CEED}.Debug|Any CPU.Build.0 = Debug|Any CPU
		{242AB360-0932-4EDE-9B7A-EDB01945CEED}.Release|Any CPU.ActiveCfg = Release|Any CPU
		{242AB360-0932-4EDE-9B7A-EDB01945CEED}.Release|Any CPU.Build.0 = Release|Any CPU
		{32BD120B-9C43-41BE-9A06-CE50D8A83060}.Debug|Any CPU.ActiveCfg = Debug|Any CPU
		{32BD120B-9C43-41BE-9A06-CE50D8A83060}.Debug|Any CPU.Build.0 = Debug|Any CPU
		{32BD120B-9C43-41BE-9A06-CE50D8A83060}.Release|Any CPU.ActiveCfg = Release|Any CPU
		{32BD120B-9C43-41BE-9A06-CE50D8A83060}.Release|Any CPU.Build.0 = Release|Any CPU
		{D0D4D4FE-BF12-4CF0-98B7-35A20D5DA0DF}.Debug|Any CPU.ActiveCfg = Debug|Any CPU
		{D0D4D4FE-BF12-4CF0-98B7-35A20D5DA0DF}.Debug|Any CPU.Build.0 = Debug|Any CPU
		{D0D4D4FE-BF12-4CF0-98B7-35A20D5DA0DF}.Release|Any CPU.ActiveCfg = Release|Any CPU
		{D0D4D4FE-BF12-4CF0-98B7-35A20D5DA0DF}.Release|Any CPU.Build.0 = Release|Any CPU
		{174B5600-0ACB-4A36-A9DC-F2D9C0E07ADA}.Debug|Any CPU.ActiveCfg = Debug|Any CPU
		{174B5600-0ACB-4A36-A9DC-F2D9C0E07ADA}.Debug|Any CPU.Build.0 = Debug|Any CPU
		{174B5600-0ACB-4A36-A9DC-F2D9C0E07ADA}.Release|Any CPU.ActiveCfg = Release|Any CPU
		{174B5600-0ACB-4A36-A9DC-F2D9C0E07ADA}.Release|Any CPU.Build.0 = Release|Any CPU
		{1D43C840-C6B8-470B-A7D3-A23A2E42DC9A}.Debug|Any CPU.ActiveCfg = Debug|Any CPU
		{1D43C840-C6B8-470B-A7D3-A23A2E42DC9A}.Debug|Any CPU.Build.0 = Debug|Any CPU
		{1D43C840-C6B8-470B-A7D3-A23A2E42DC9A}.Release|Any CPU.ActiveCfg = Release|Any CPU
		{1D43C840-C6B8-470B-A7D3-A23A2E42DC9A}.Release|Any CPU.Build.0 = Release|Any CPU
		{0EA40E47-1E7C-41C6-A05A-3EEED30BBA61}.Debug|Any CPU.ActiveCfg = Debug|Any CPU
		{0EA40E47-1E7C-41C6-A05A-3EEED30BBA61}.Debug|Any CPU.Build.0 = Debug|Any CPU
		{0EA40E47-1E7C-41C6-A05A-3EEED30BBA61}.Release|Any CPU.ActiveCfg = Release|Any CPU
		{0EA40E47-1E7C-41C6-A05A-3EEED30BBA61}.Release|Any CPU.Build.0 = Release|Any CPU
		{BEF8002D-7491-42EB-B65B-D0D7F73B5A41}.Debug|Any CPU.ActiveCfg = Debug|Any CPU
		{BEF8002D-7491-42EB-B65B-D0D7F73B5A41}.Debug|Any CPU.Build.0 = Debug|Any CPU
		{BEF8002D-7491-42EB-B65B-D0D7F73B5A41}.Release|Any CPU.ActiveCfg = Release|Any CPU
		{BEF8002D-7491-42EB-B65B-D0D7F73B5A41}.Release|Any CPU.Build.0 = Release|Any CPU
		{AA89F6B1-B0AB-4978-BC02-328AA7FC6920}.Debug|Any CPU.ActiveCfg = Debug|Any CPU
		{AA89F6B1-B0AB-4978-BC02-328AA7FC6920}.Debug|Any CPU.Build.0 = Debug|Any CPU
		{AA89F6B1-B0AB-4978-BC02-328AA7FC6920}.Release|Any CPU.ActiveCfg = Release|Any CPU
		{AA89F6B1-B0AB-4978-BC02-328AA7FC6920}.Release|Any CPU.Build.0 = Release|Any CPU
		{2D182423-7014-4C1D-A5C5-2BC48F898A81}.Debug|Any CPU.ActiveCfg = Debug|Any CPU
		{2D182423-7014-4C1D-A5C5-2BC48F898A81}.Debug|Any CPU.Build.0 = Debug|Any CPU
		{2D182423-7014-4C1D-A5C5-2BC48F898A81}.Release|Any CPU.ActiveCfg = Release|Any CPU
		{2D182423-7014-4C1D-A5C5-2BC48F898A81}.Release|Any CPU.Build.0 = Release|Any CPU
		{46AF37EE-1A71-4A68-8424-C32A647280D9}.Debug|Any CPU.ActiveCfg = Debug|Any CPU
		{46AF37EE-1A71-4A68-8424-C32A647280D9}.Debug|Any CPU.Build.0 = Debug|Any CPU
		{46AF37EE-1A71-4A68-8424-C32A647280D9}.Release|Any CPU.ActiveCfg = Release|Any CPU
		{46AF37EE-1A71-4A68-8424-C32A647280D9}.Release|Any CPU.Build.0 = Release|Any CPU
		{76B5DFDE-ED0C-438B-8D5F-CD1410C14E1F}.Debug|Any CPU.ActiveCfg = Debug|Any CPU
		{76B5DFDE-ED0C-438B-8D5F-CD1410C14E1F}.Debug|Any CPU.Build.0 = Debug|Any CPU
		{76B5DFDE-ED0C-438B-8D5F-CD1410C14E1F}.Release|Any CPU.ActiveCfg = Release|Any CPU
		{76B5DFDE-ED0C-438B-8D5F-CD1410C14E1F}.Release|Any CPU.Build.0 = Release|Any CPU
		{DC0FA0EC-461D-4781-9BB4-61F6BB2A393A}.Debug|Any CPU.ActiveCfg = Debug|Any CPU
		{DC0FA0EC-461D-4781-9BB4-61F6BB2A393A}.Debug|Any CPU.Build.0 = Debug|Any CPU
		{DC0FA0EC-461D-4781-9BB4-61F6BB2A393A}.Release|Any CPU.ActiveCfg = Release|Any CPU
		{DC0FA0EC-461D-4781-9BB4-61F6BB2A393A}.Release|Any CPU.Build.0 = Release|Any CPU
		{7ECF8A21-B14D-47AA-BD21-4CAB24A49A8D}.Debug|Any CPU.ActiveCfg = Debug|Any CPU
		{7ECF8A21-B14D-47AA-BD21-4CAB24A49A8D}.Debug|Any CPU.Build.0 = Debug|Any CPU
		{7ECF8A21-B14D-47AA-BD21-4CAB24A49A8D}.Release|Any CPU.ActiveCfg = Release|Any CPU
		{7ECF8A21-B14D-47AA-BD21-4CAB24A49A8D}.Release|Any CPU.Build.0 = Release|Any CPU
		{463770E8-0A6B-46FF-8BC2-40262A951093}.Debug|Any CPU.ActiveCfg = Debug|Any CPU
		{463770E8-0A6B-46FF-8BC2-40262A951093}.Debug|Any CPU.Build.0 = Debug|Any CPU
		{463770E8-0A6B-46FF-8BC2-40262A951093}.Release|Any CPU.ActiveCfg = Release|Any CPU
		{463770E8-0A6B-46FF-8BC2-40262A951093}.Release|Any CPU.Build.0 = Release|Any CPU
		{FBDE760D-9AA0-4FE9-A966-EEA75FDACAB1}.Debug|Any CPU.ActiveCfg = Debug|Any CPU
		{FBDE760D-9AA0-4FE9-A966-EEA75FDACAB1}.Debug|Any CPU.Build.0 = Debug|Any CPU
		{FBDE760D-9AA0-4FE9-A966-EEA75FDACAB1}.Release|Any CPU.ActiveCfg = Release|Any CPU
		{FBDE760D-9AA0-4FE9-A966-EEA75FDACAB1}.Release|Any CPU.Build.0 = Release|Any CPU
		{118C4919-B174-47AC-AFA4-201E88E62969}.Debug|Any CPU.ActiveCfg = Debug|Any CPU
		{118C4919-B174-47AC-AFA4-201E88E62969}.Debug|Any CPU.Build.0 = Debug|Any CPU
		{118C4919-B174-47AC-AFA4-201E88E62969}.Release|Any CPU.ActiveCfg = Release|Any CPU
		{118C4919-B174-47AC-AFA4-201E88E62969}.Release|Any CPU.Build.0 = Release|Any CPU
		{C159139A-0543-4B6B-9EC6-D691CEA7FD22}.Debug|Any CPU.ActiveCfg = Debug|Any CPU
		{C159139A-0543-4B6B-9EC6-D691CEA7FD22}.Debug|Any CPU.Build.0 = Debug|Any CPU
		{C159139A-0543-4B6B-9EC6-D691CEA7FD22}.Release|Any CPU.ActiveCfg = Release|Any CPU
		{C159139A-0543-4B6B-9EC6-D691CEA7FD22}.Release|Any CPU.Build.0 = Release|Any CPU
		{917A056A-B2CB-49C0-97E6-1B895BC9E257}.Debug|Any CPU.ActiveCfg = Debug|Any CPU
		{917A056A-B2CB-49C0-97E6-1B895BC9E257}.Debug|Any CPU.Build.0 = Debug|Any CPU
		{917A056A-B2CB-49C0-97E6-1B895BC9E257}.Release|Any CPU.ActiveCfg = Release|Any CPU
		{917A056A-B2CB-49C0-97E6-1B895BC9E257}.Release|Any CPU.Build.0 = Release|Any CPU
		{9F399343-9393-4BD3-98A9-A4FC15302F2C}.Debug|Any CPU.ActiveCfg = Debug|Any CPU
		{9F399343-9393-4BD3-98A9-A4FC15302F2C}.Debug|Any CPU.Build.0 = Debug|Any CPU
		{9F399343-9393-4BD3-98A9-A4FC15302F2C}.Release|Any CPU.ActiveCfg = Release|Any CPU
		{9F399343-9393-4BD3-98A9-A4FC15302F2C}.Release|Any CPU.Build.0 = Release|Any CPU
		{1F371970-FABC-489D-9770-DB9CE4E9FDFB}.Debug|Any CPU.ActiveCfg = Debug|Any CPU
		{1F371970-FABC-489D-9770-DB9CE4E9FDFB}.Debug|Any CPU.Build.0 = Debug|Any CPU
		{1F371970-FABC-489D-9770-DB9CE4E9FDFB}.Release|Any CPU.ActiveCfg = Release|Any CPU
		{1F371970-FABC-489D-9770-DB9CE4E9FDFB}.Release|Any CPU.Build.0 = Release|Any CPU
		{EFCB7EF9-9927-4753-B154-73ACBB71ECED}.Debug|Any CPU.ActiveCfg = Debug|Any CPU
		{EFCB7EF9-9927-4753-B154-73ACBB71ECED}.Debug|Any CPU.Build.0 = Debug|Any CPU
		{EFCB7EF9-9927-4753-B154-73ACBB71ECED}.Release|Any CPU.ActiveCfg = Release|Any CPU
		{EFCB7EF9-9927-4753-B154-73ACBB71ECED}.Release|Any CPU.Build.0 = Release|Any CPU
		{76794BC9-56A9-4010-ADB4-7FA6D808E04A}.Debug|Any CPU.ActiveCfg = Debug|Any CPU
		{76794BC9-56A9-4010-ADB4-7FA6D808E04A}.Debug|Any CPU.Build.0 = Debug|Any CPU
		{76794BC9-56A9-4010-ADB4-7FA6D808E04A}.Release|Any CPU.ActiveCfg = Release|Any CPU
		{76794BC9-56A9-4010-ADB4-7FA6D808E04A}.Release|Any CPU.Build.0 = Release|Any CPU
		{A78514DE-46CE-4C2D-9134-B885D35F115B}.Debug|Any CPU.ActiveCfg = Debug|Any CPU
		{A78514DE-46CE-4C2D-9134-B885D35F115B}.Debug|Any CPU.Build.0 = Debug|Any CPU
		{A78514DE-46CE-4C2D-9134-B885D35F115B}.Release|Any CPU.ActiveCfg = Release|Any CPU
		{A78514DE-46CE-4C2D-9134-B885D35F115B}.Release|Any CPU.Build.0 = Release|Any CPU
		{395C6BA2-5902-44BD-A334-62770324A64C}.Debug|Any CPU.ActiveCfg = Debug|Any CPU
		{395C6BA2-5902-44BD-A334-62770324A64C}.Debug|Any CPU.Build.0 = Debug|Any CPU
		{395C6BA2-5902-44BD-A334-62770324A64C}.Release|Any CPU.ActiveCfg = Release|Any CPU
		{395C6BA2-5902-44BD-A334-62770324A64C}.Release|Any CPU.Build.0 = Release|Any CPU
		{E193B829-11DE-4373-AF05-17FBD94B4FC4}.Debug|Any CPU.ActiveCfg = Debug|Any CPU
		{E193B829-11DE-4373-AF05-17FBD94B4FC4}.Debug|Any CPU.Build.0 = Debug|Any CPU
		{E193B829-11DE-4373-AF05-17FBD94B4FC4}.Release|Any CPU.ActiveCfg = Release|Any CPU
		{E193B829-11DE-4373-AF05-17FBD94B4FC4}.Release|Any CPU.Build.0 = Release|Any CPU
		{68CC1733-44FF-42AA-8A25-3DA0E07274F5}.Debug|Any CPU.ActiveCfg = Debug|Any CPU
		{68CC1733-44FF-42AA-8A25-3DA0E07274F5}.Debug|Any CPU.Build.0 = Debug|Any CPU
		{68CC1733-44FF-42AA-8A25-3DA0E07274F5}.Release|Any CPU.ActiveCfg = Release|Any CPU
		{68CC1733-44FF-42AA-8A25-3DA0E07274F5}.Release|Any CPU.Build.0 = Release|Any CPU
		{7748AB97-C424-48E1-B816-FAC6065FE52B}.Debug|Any CPU.ActiveCfg = Debug|Any CPU
		{7748AB97-C424-48E1-B816-FAC6065FE52B}.Debug|Any CPU.Build.0 = Debug|Any CPU
		{7748AB97-C424-48E1-B816-FAC6065FE52B}.Release|Any CPU.ActiveCfg = Release|Any CPU
		{7748AB97-C424-48E1-B816-FAC6065FE52B}.Release|Any CPU.Build.0 = Release|Any CPU
		{EA8E7F0C-E994-468F-B277-14E5C764238F}.Debug|Any CPU.ActiveCfg = Debug|Any CPU
		{EA8E7F0C-E994-468F-B277-14E5C764238F}.Debug|Any CPU.Build.0 = Debug|Any CPU
		{EA8E7F0C-E994-468F-B277-14E5C764238F}.Release|Any CPU.ActiveCfg = Release|Any CPU
		{EA8E7F0C-E994-468F-B277-14E5C764238F}.Release|Any CPU.Build.0 = Release|Any CPU
	EndGlobalSection
	GlobalSection(SolutionProperties) = preSolution
		HideSolutionNode = FALSE
	EndGlobalSection
EndGlobal
